
Microsoft Visual Studio Solution File, Format Version 12.00
# Visual Studio 15
VisualStudioVersion = 15.0.26730.16
MinimumVisualStudioVersion = 10.0.40219.1
Project("{8BC9CEB8-8B4A-11D0-8D11-00A0C91BC942}") = "matrix", "matrix\matrix.vcxproj", "{79D04696-6915-4E32-B78E-4EBFD72B701B}"
EndProject
Global
	GlobalSection(SolutionConfigurationPlatforms) = preSolution
		Debug|x64 = Debug|x64
		Debug|x86 = Debug|x86
		Release|x64 = Release|x64
		Release|x86 = Release|x86
	EndGlobalSection
	GlobalSection(ProjectConfigurationPlatforms) = postSolution
		{79D04696-6915-4E32-B78E-4EBFD72B701B}.Debug|x64.ActiveCfg = Debug|x64
		{79D04696-6915-4E32-B78E-4EBFD72B701B}.Debug|x64.Build.0 = Debug|x64
		{79D04696-6915-4E32-B78E-4EBFD72B701B}.Debug|x86.ActiveCfg = Debug|Win32
		{79D04696-6915-4E32-B78E-4EBFD72B701B}.Debug|x86.Build.0 = Debug|Win32
		{79D04696-6915-4E32-B78E-4EBFD72B701B}.Release|x64.ActiveCfg = Release|x64
		{79D04696-6915-4E32-B78E-4EBFD72B701B}.Release|x64.Build.0 = Release|x64
		{79D04696-6915-4E32-B78E-4EBFD72B701B}.Release|x86.ActiveCfg = Release|Win32
		{79D04696-6915-4E32-B78E-4EBFD72B701B}.Release|x86.Build.0 = Release|Win32
	EndGlobalSection
	GlobalSection(SolutionProperties) = preSolution
		HideSolutionNode = FALSE
	EndGlobalSection
	GlobalSection(ExtensibilityGlobals) = postSolution
		SolutionGuid = {E1472656-71A9-4555-A195-97053638A997}
	EndGlobalSection
EndGlobal
